
Microsoft Visual Studio Solution File, Format Version 12.00
# Visual Studio Version 17
VisualStudioVersion = 17.11.35111.106
MinimumVisualStudioVersion = 10.0.40219.1
Project("{9A19103F-16F7-4668-BE54-9A1E7A4F7556}") = "DaysCsharp", "DaysCsharp.csproj", "{1F4CC65F-AFBF-4C19-A0AC-6BB22EB3435C}"
EndProject
Global
	GlobalSection(SolutionConfigurationPlatforms) = preSolution
		Debug|Any CPU = Debug|Any CPU
		Release|Any CPU = Release|Any CPU
	EndGlobalSection
	GlobalSection(ProjectConfigurationPlatforms) = postSolution
		{1F4CC65F-AFBF-4C19-A0AC-6BB22EB3435C}.Debug|Any CPU.ActiveCfg = Debug|Any CPU
		{1F4CC65F-AFBF-4C19-A0AC-6BB22EB3435C}.Debug|Any CPU.Build.0 = Debug|Any CPU
		{1F4CC65F-AFBF-4C19-A0AC-6BB22EB3435C}.Release|Any CPU.ActiveCfg = Release|Any CPU
		{1F4CC65F-AFBF-4C19-A0AC-6BB22EB3435C}.Release|Any CPU.Build.0 = Release|Any CPU
	EndGlobalSection
	GlobalSection(SolutionProperties) = preSolution
		HideSolutionNode = FALSE
	EndGlobalSection
	GlobalSection(ExtensibilityGlobals) = postSolution
		SolutionGuid = {FD475381-2879-45D1-B0C4-FBDE3B320332}
	EndGlobalSection
EndGlobal
